Microsoft Visual Studio Solution File, Format Version 12.00
# Visual Studio 2012
Project("{FAE04EC0-301F-11D3-BF4B-00C04F79EFBC}") = "AP Nonograms", "AP Nonograms.csproj", "{B6A01DEB-7924-4C1B-BD29-694B1411EBED}"
EndProject
Global
	GlobalSection(SolutionConfigurationPlatforms) = preSolution
	Debug|Any CPU = Debug|Any CPU
	ExportDebug|Any CPU = ExportDebug|Any CPU
	ExportRelease|Any CPU = ExportRelease|Any CPU
	EndGlobalSection
	GlobalSection(ProjectConfigurationPlatforms) = postSolution
		{B6A01DEB-7924-4C1B-BD29-694B1411EBED}.Debug|Any CPU.ActiveCfg = Debug|Any CPU
		{B6A01DEB-7924-4C1B-BD29-694B1411EBED}.Debug|Any CPU.Build.0 = Debug|Any CPU
		{B6A01DEB-7924-4C1B-BD29-694B1411EBED}.ExportDebug|Any CPU.ActiveCfg = ExportDebug|Any CPU
		{B6A01DEB-7924-4C1B-BD29-694B1411EBED}.ExportDebug|Any CPU.Build.0 = ExportDebug|Any CPU
		{B6A01DEB-7924-4C1B-BD29-694B1411EBED}.ExportRelease|Any CPU.ActiveCfg = ExportRelease|Any CPU
		{B6A01DEB-7924-4C1B-BD29-694B1411EBED}.ExportRelease|Any CPU.Build.0 = ExportRelease|Any CPU
	EndGlobalSection
EndGlobal
